
Microsoft Visual Studio Solution File, Format Version 12.00
# Visual Studio Version 16
VisualStudioVersion = 16.0.30503.244
MinimumVisualStudioVersion = 10.0.40219.1
Project("{9A19103F-16F7-4668-BE54-9A1E7A4F7556}") = "IMC.External.Service.TaxJar", "IMC.External.Service.TaxJar\IMC.External.Service.TaxJar.csproj", "{C4FC421F-F657-47E5-B483-89B6887CE010}"
EndProject
Project("{9A19103F-16F7-4668-BE54-9A1E7A4F7556}") = "IMC.Entities", "IMC.Entities\IMC.Entities.csproj", "{65C86A82-50A1-4007-9530-7FD9518D1629}"
EndProject
Project("{9A19103F-16F7-4668-BE54-9A1E7A4F7556}") = "IMC.Tax.Service", "IMC.Tax.Service\IMC.Tax.Service.csproj", "{7CAEE75D-46F8-4FB8-9B1C-83EA0A72DC95}"
EndProject
Project("{9A19103F-16F7-4668-BE54-9A1E7A4F7556}") = "IMC.Mocks", "IMC.Mocks\IMC.Mocks.csproj", "{D4C2BEC9-66A9-43A1-AA96-CB50C5DB5CD4}"
EndProject
Project("{9A19103F-16F7-4668-BE54-9A1E7A4F7556}") = "IMC.Tax.Service.Tests", "IMC.Tax.Service.Tests\IMC.Tax.Service.Tests.csproj", "{C922643D-8022-4275-A9F8-5F308D7783F6}"
EndProject
Project("{FAE04EC0-301F-11D3-BF4B-00C04F79EFBC}") = "IMC.Exceptions", "IMC.Exceptions\IMC.Exceptions.csproj", "{22677DC3-14B9-4205-B446-1DEAD70F7689}"
EndProject
Global
	GlobalSection(SolutionConfigurationPlatforms) = preSolution
		Debug|Any CPU = Debug|Any CPU
		Release|Any CPU = Release|Any CPU
	EndGlobalSection
	GlobalSection(ProjectConfigurationPlatforms) = postSolution
		{C4FC421F-F657-47E5-B483-89B6887CE010}.Debug|Any CPU.ActiveCfg = Debug|Any CPU
		{C4FC421F-F657-47E5-B483-89B6887CE010}.Debug|Any CPU.Build.0 = Debug|Any CPU
		{C4FC421F-F657-47E5-B483-89B6887CE010}.Release|Any CPU.ActiveCfg = Release|Any CPU
		{C4FC421F-F657-47E5-B483-89B6887CE010}.Release|Any CPU.Build.0 = Release|Any CPU
		{65C86A82-50A1-4007-9530-7FD9518D1629}.Debug|Any CPU.ActiveCfg = Debug|Any CPU
		{65C86A82-50A1-4007-9530-7FD9518D1629}.Debug|Any CPU.Build.0 = Debug|Any CPU
		{65C86A82-50A1-4007-9530-7FD9518D1629}.Release|Any CPU.ActiveCfg = Release|Any CPU
		{65C86A82-50A1-4007-9530-7FD9518D1629}.Release|Any CPU.Build.0 = Release|Any CPU
		{7CAEE75D-46F8-4FB8-9B1C-83EA0A72DC95}.Debug|Any CPU.ActiveCfg = Debug|Any CPU
		{7CAEE75D-46F8-4FB8-9B1C-83EA0A72DC95}.Debug|Any CPU.Build.0 = Debug|Any CPU
		{7CAEE75D-46F8-4FB8-9B1C-83EA0A72DC95}.Release|Any CPU.ActiveCfg = Release|Any CPU
		{7CAEE75D-46F8-4FB8-9B1C-83EA0A72DC95}.Release|Any CPU.Build.0 = Release|Any CPU
		{D4C2BEC9-66A9-43A1-AA96-CB50C5DB5CD4}.Debug|Any CPU.ActiveCfg = Debug|Any CPU
		{D4C2BEC9-66A9-43A1-AA96-CB50C5DB5CD4}.Debug|Any CPU.Build.0 = Debug|Any CPU
		{D4C2BEC9-66A9-43A1-AA96-CB50C5DB5CD4}.Release|Any CPU.ActiveCfg = Release|Any CPU
		{D4C2BEC9-66A9-43A1-AA96-CB50C5DB5CD4}.Release|Any CPU.Build.0 = Release|Any CPU
		{C922643D-8022-4275-A9F8-5F308D7783F6}.Debug|Any CPU.ActiveCfg = Debug|Any CPU
		{C922643D-8022-4275-A9F8-5F308D7783F6}.Debug|Any CPU.Build.0 = Debug|Any CPU
		{C922643D-8022-4275-A9F8-5F308D7783F6}.Release|Any CPU.ActiveCfg = Release|Any CPU
		{C922643D-8022-4275-A9F8-5F308D7783F6}.Release|Any CPU.Build.0 = Release|Any CPU
		{22677DC3-14B9-4205-B446-1DEAD70F7689}.Debug|Any CPU.ActiveCfg = Debug|Any CPU
		{22677DC3-14B9-4205-B446-1DEAD70F7689}.Debug|Any CPU.Build.0 = Debug|Any CPU
		{22677DC3-14B9-4205-B446-1DEAD70F7689}.Release|Any CPU.ActiveCfg = Release|Any CPU
		{22677DC3-14B9-4205-B446-1DEAD70F7689}.Release|Any CPU.Build.0 = Release|Any CPU
	EndGlobalSection
	GlobalSection(SolutionProperties) = preSolution
		HideSolutionNode = FALSE
	EndGlobalSection
	GlobalSection(ExtensibilityGlobals) = postSolution
		SolutionGuid = {02F70EA3-C9CF-433F-AAF1-8794AA3A9F7F}
	EndGlobalSection
EndGlobal
